
Microsoft Visual Studio Solution File, Format Version 12.00
# Visual Studio Version 17
VisualStudioVersion = 17.5.33120.50
MinimumVisualStudioVersion = 10.0.40219.1
Project("{8BC9CEB8-8B4A-11D0-8D11-00A0C91BC942}") = "SampleNativeConsole", "SampleNativeConsole\SampleNativeConsole.vcxproj", "{B98B8DB0-5BE1-45BF-B247-5735DC2954F5}"
	ProjectSection(ProjectDependencies) = postProject
		{43621E2B-A72A-4AEE-9D80-942ABD7AD9DB} = {43621E2B-A72A-4AEE-9D80-942ABD7AD9DB}
	EndProjectSection
EndProject
Project("{9A19103F-16F7-4668-BE54-9A1E7A4F7556}") = "SampleDotNet", "SampleDotNet\SampleDotNet.csproj", "{43621E2B-A72A-4AEE-9D80-942ABD7AD9DB}"
EndProject
Global
	GlobalSection(SolutionConfigurationPlatforms) = preSolution
		Debug|Any CPU = Debug|Any CPU
		Debug|x64 = Debug|x64
		Debug|x86 = Debug|x86
		Release|Any CPU = Release|Any CPU
		Release|x64 = Release|x64
		Release|x86 = Release|x86
	EndGlobalSection
	GlobalSection(ProjectConfigurationPlatforms) = postSolution
		{B98B8DB0-5BE1-45BF-B247-5735DC2954F5}.Debug|Any CPU.ActiveCfg = Debug|x64
		{B98B8DB0-5BE1-45BF-B247-5735DC2954F5}.Debug|Any CPU.Build.0 = Debug|x64
		{B98B8DB0-5BE1-45BF-B247-5735DC2954F5}.Debug|x64.ActiveCfg = Debug|x64
		{B98B8DB0-5BE1-45BF-B247-5735DC2954F5}.Debug|x64.Build.0 = Debug|x64
		{B98B8DB0-5BE1-45BF-B247-5735DC2954F5}.Debug|x86.ActiveCfg = Debug|Win32
		{B98B8DB0-5BE1-45BF-B247-5735DC2954F5}.Debug|x86.Build.0 = Debug|Win32
		{B98B8DB0-5BE1-45BF-B247-5735DC2954F5}.Release|Any CPU.ActiveCfg = Release|x64
		{B98B8DB0-5BE1-45BF-B247-5735DC2954F5}.Release|Any CPU.Build.0 = Release|x64
		{B98B8DB0-5BE1-45BF-B247-5735DC2954F5}.Release|x64.ActiveCfg = Release|x64
		{B98B8DB0-5BE1-45BF-B247-5735DC2954F5}.Release|x64.Build.0 = Release|x64
		{B98B8DB0-5BE1-45BF-B247-5735DC2954F5}.Release|x86.ActiveCfg = Release|Win32
		{B98B8DB0-5BE1-45BF-B247-5735DC2954F5}.Release|x86.Build.0 = Release|Win32
		{43621E2B-A72A-4AEE-9D80-942ABD7AD9DB}.Debug|Any CPU.ActiveCfg = Debug|Any CPU
		{43621E2B-A72A-4AEE-9D80-942ABD7AD9DB}.Debug|Any CPU.Build.0 = Debug|Any CPU
		{43621E2B-A72A-4AEE-9D80-942ABD7AD9DB}.Debug|x64.ActiveCfg = Debug|Any CPU
		{43621E2B-A72A-4AEE-9D80-942ABD7AD9DB}.Debug|x64.Build.0 = Debug|Any CPU
		{43621E2B-A72A-4AEE-9D80-942ABD7AD9DB}.Debug|x86.ActiveCfg = Debug|Any CPU
		{43621E2B-A72A-4AEE-9D80-942ABD7AD9DB}.Debug|x86.Build.0 = Debug|Any CPU
		{43621E2B-A72A-4AEE-9D80-942ABD7AD9DB}.Release|Any CPU.ActiveCfg = Release|Any CPU
		{43621E2B-A72A-4AEE-9D80-942ABD7AD9DB}.Release|Any CPU.Build.0 = Release|Any CPU
		{43621E2B-A72A-4AEE-9D80-942ABD7AD9DB}.Release|x64.ActiveCfg = Release|Any CPU
		{43621E2B-A72A-4AEE-9D80-942ABD7AD9DB}.Release|x64.Build.0 = Release|Any CPU
		{43621E2B-A72A-4AEE-9D80-942ABD7AD9DB}.Release|x86.ActiveCfg = Release|Any CPU
		{43621E2B-A72A-4AEE-9D80-942ABD7AD9DB}.Release|x86.Build.0 = Release|Any CPU
	EndGlobalSection
	GlobalSection(SolutionProperties) = preSolution
		HideSolutionNode = FALSE
	EndGlobalSection
	GlobalSection(ExtensibilityGlobals) = postSolution
		SolutionGuid = {74533994-B78D-4C14-BAC8-9DE8B71E3D8F}
	EndGlobalSection
EndGlobal
