
Microsoft Visual Studio Solution File, Format Version 12.00
# Visual Studio Version 16
VisualStudioVersion = 16.0.30010.185
MinimumVisualStudioVersion = 10.0.40219.1
Project("{9A19103F-16F7-4668-BE54-9A1E7A4F7556}") = "dnne-gen", "dnne-gen\dnne-gen.csproj", "{57F736A8-47BA-4F53-82E0-FE5BFE3AAE36}"
EndProject
Project("{9A19103F-16F7-4668-BE54-9A1E7A4F7556}") = "DNNE.BuildTasks", "msbuild\DNNE.BuildTasks\DNNE.BuildTasks.csproj", "{D11450BB-39A0-4C34-A2CE-F3571E26FF8A}"
EndProject
Global
	GlobalSection(SolutionConfigurationPlatforms) = preSolution
		Debug|Any CPU = Debug|Any CPU
		Release|Any CPU = Release|Any CPU
	EndGlobalSection
	GlobalSection(ProjectConfigurationPlatforms) = postSolution
		{57F736A8-47BA-4F53-82E0-FE5BFE3AAE36}.Debug|Any CPU.ActiveCfg = Debug|Any CPU
		{57F736A8-47BA-4F53-82E0-FE5BFE3AAE36}.Debug|Any CPU.Build.0 = Debug|Any CPU
		{57F736A8-47BA-4F53-82E0-FE5BFE3AAE36}.Release|Any CPU.ActiveCfg = Release|Any CPU
		{57F736A8-47BA-4F53-82E0-FE5BFE3AAE36}.Release|Any CPU.Build.0 = Release|Any CPU
		{D11450BB-39A0-4C34-A2CE-F3571E26FF8A}.Debug|Any CPU.ActiveCfg = Debug|Any CPU
		{D11450BB-39A0-4C34-A2CE-F3571E26FF8A}.Debug|Any CPU.Build.0 = Debug|Any CPU
		{D11450BB-39A0-4C34-A2CE-F3571E26FF8A}.Release|Any CPU.ActiveCfg = Release|Any CPU
		{D11450BB-39A0-4C34-A2CE-F3571E26FF8A}.Release|Any CPU.Build.0 = Release|Any CPU
	EndGlobalSection
	GlobalSection(SolutionProperties) = preSolution
		HideSolutionNode = FALSE
	EndGlobalSection
	GlobalSection(ExtensibilityGlobals) = postSolution
		SolutionGuid = {82B52092-C471-4045-9DC0-0038C7FD6AF8}
	EndGlobalSection
EndGlobal
